
Microsoft Visual Studio Solution File, Format Version 12.00
# Visual Studio Version 16
VisualStudioVersion = 16.0.29911.84
MinimumVisualStudioVersion = 10.0.40219.1
Project("{FAE04EC0-301F-11D3-BF4B-00C04F79EFBC}") = "ASPNETIdentityManager", "ASPNETIdentityManager.csproj", "{CFA3678B-A27F-4806-A50C-EF38BB08E14F}"
EndProject
Global
	GlobalSection(SolutionConfigurationPlatforms) = preSolution
		Debug|Any CPU = Debug|Any CPU
		Release|Any CPU = Release|Any CPU
	EndGlobalSection
	GlobalSection(ProjectConfigurationPlatforms) = postSolution
		{CFA3678B-A27F-4806-A50C-EF38BB08E14F}.Debug|Any CPU.ActiveCfg = Debug|Any CPU
		{CFA3678B-A27F-4806-A50C-EF38BB08E14F}.Debug|Any CPU.Build.0 = Debug|Any CPU
		{CFA3678B-A27F-4806-A50C-EF38BB08E14F}.Release|Any CPU.ActiveCfg = Release|Any CPU
		{CFA3678B-A27F-4806-A50C-EF38BB08E14F}.Release|Any CPU.Build.0 = Release|Any CPU
	EndGlobalSection
	GlobalSection(SolutionProperties) = preSolution
		HideSolutionNode = FALSE
	EndGlobalSection
	GlobalSection(ExtensibilityGlobals) = postSolution
		SolutionGuid = {4723EFE7-7BC5-41AC-9ACE-11ACE495745C}
	EndGlobalSection
EndGlobal
